
Microsoft Visual Studio Solution File, Format Version 12.00
# Visual Studio Version 16
VisualStudioVersion = 16.0.29306.81
MinimumVisualStudioVersion = 10.0.40219.1
Project("{FAE04EC0-301F-11D3-BF4B-00C04F79EFBC}") = "MainCorreo", "MainCorreo\MainCorreo.csproj", "{3ACE1B44-D298-4238-9255-C43B998B1303}"
EndProject
Project("{FAE04EC0-301F-11D3-BF4B-00C04F79EFBC}") = "Entidades", "Entidades\Entidades.csproj", "{FB5B0712-8740-4473-B368-38F564714850}"
EndProject
Project("{FAE04EC0-301F-11D3-BF4B-00C04F79EFBC}") = "Excepciones", "Excepciones\Excepciones.csproj", "{C5414660-072C-460F-AF0F-68BF72B84EDB}"
EndProject
Project("{FAE04EC0-301F-11D3-BF4B-00C04F79EFBC}") = "TestUnitario", "TestUnitario\TestUnitario.csproj", "{86CA939D-497D-4F17-AF10-D560D0478BBB}"
EndProject
Global
	GlobalSection(SolutionConfigurationPlatforms) = preSolution
		Debug|Any CPU = Debug|Any CPU
		Release|Any CPU = Release|Any CPU
	EndGlobalSection
	GlobalSection(ProjectConfigurationPlatforms) = postSolution
		{3ACE1B44-D298-4238-9255-C43B998B1303}.Debug|Any CPU.ActiveCfg = Debug|Any CPU
		{3ACE1B44-D298-4238-9255-C43B998B1303}.Debug|Any CPU.Build.0 = Debug|Any CPU
		{3ACE1B44-D298-4238-9255-C43B998B1303}.Release|Any CPU.ActiveCfg = Release|Any CPU
		{3ACE1B44-D298-4238-9255-C43B998B1303}.Release|Any CPU.Build.0 = Release|Any CPU
		{FB5B0712-8740-4473-B368-38F564714850}.Debug|Any CPU.ActiveCfg = Debug|Any CPU
		{FB5B0712-8740-4473-B368-38F564714850}.Debug|Any CPU.Build.0 = Debug|Any CPU
		{FB5B0712-8740-4473-B368-38F564714850}.Release|Any CPU.ActiveCfg = Release|Any CPU
		{FB5B0712-8740-4473-B368-38F564714850}.Release|Any CPU.Build.0 = Release|Any CPU
		{C5414660-072C-460F-AF0F-68BF72B84EDB}.Debug|Any CPU.ActiveCfg = Debug|Any CPU
		{C5414660-072C-460F-AF0F-68BF72B84EDB}.Debug|Any CPU.Build.0 = Debug|Any CPU
		{C5414660-072C-460F-AF0F-68BF72B84EDB}.Release|Any CPU.ActiveCfg = Release|Any CPU
		{C5414660-072C-460F-AF0F-68BF72B84EDB}.Release|Any CPU.Build.0 = Release|Any CPU
		{86CA939D-497D-4F17-AF10-D560D0478BBB}.Debug|Any CPU.ActiveCfg = Debug|Any CPU
		{86CA939D-497D-4F17-AF10-D560D0478BBB}.Debug|Any CPU.Build.0 = Debug|Any CPU
		{86CA939D-497D-4F17-AF10-D560D0478BBB}.Release|Any CPU.ActiveCfg = Release|Any CPU
		{86CA939D-497D-4F17-AF10-D560D0478BBB}.Release|Any CPU.Build.0 = Release|Any CPU
	EndGlobalSection
	GlobalSection(SolutionProperties) = preSolution
		HideSolutionNode = FALSE
	EndGlobalSection
	GlobalSection(ExtensibilityGlobals) = postSolution
		SolutionGuid = {375C6A7A-20EB-419C-A40B-36E4A5395A3C}
	EndGlobalSection
EndGlobal
